// !$*UTF8*$!
{
	archiveVersion = 1;
	classes = {
	};
	objectVersion = 46;
	objects = {

/* Begin PBXBuildFile section */
		59D609ED1BEF5D9600D5A5B8 /* OpenGL.framework in Frameworks */ = {isa = PBXBuildFile; fileRef = 59D609EC1BEF5D9600D5A5B8 /* OpenGL.framework */; };
		59D609EF1BEF5D9D00D5A5B8 /* GLUT.framework in Frameworks */ = {isa = PBXBuildFile; fileRef = 59D609EE1BEF5D9D00D5A5B8 /* GLUT.framework */; };
		59D609F11BEF5DA300D5A5B8 /* Cocoa.framework in Frameworks */ = {isa = PBXBuildFile; fileRef = 59D609F01BEF5DA300D5A5B8 /* Cocoa.framework */; };
		F02549801BEF5D2100A76600 /* main.cpp in Sources */ = {isa = PBXBuildFile; fileRef = F025497F1BEF5D2100A76600 /* main.cpp */; };
/* End PBXBuildFile section */

/* Begin PBXCopyFilesBuildPhase section */
		F025497A1BEF5D2100A76600 /* CopyFiles */ = {
			isa = PBXCopyFilesBuildPhase;
			buildActionMask = 2147483647;
			dstPath = /usr/share/man/man1/;
			dstSubfolderSpec = 0;
			files = (
			);
			runOnlyForDeploymentPostprocessing = 1;
		};
/* End PBXCopyFilesBuildPhase section */

/* Begin PBXFileReference section */
		59D609EC1BEF5D9600D5A5B8 /* OpenGL.framework */ = {isa = PBXFileReference; lastKnownFileType = wrapper.framework; name = OpenGL.framework; path = System/Library/Frameworks/OpenGL.framework; sourceTree = SDKROOT; };
		59D609EE1BEF5D9D00D5A5B8 /* GLUT.framework */ = {isa = PBXFileReference; lastKnownFileType = wrapper.framework; name = GLUT.framework; path = System/Library/Frameworks/GLUT.framework; sourceTree = SDKROOT; };
		59D609F01BEF5DA300D5A5B8 /* Cocoa.framework */ = {isa = PBXFileReference; lastKnownFileType = wrapper.framework; name = Cocoa.framework; path = System/Library/Frameworks/Cocoa.framework; sourceTree = SDKROOT; };
		F025497C1BEF5D2100A76600 /* CG_ex1 */ = {isa = PBXFileReference; explicitFileType = "compiled.mach-o.executable"; includeInIndex = 0; path = CG_ex1; sourceTree = BUILT_PRODUCTS_DIR; };
		F025497F1BEF5D2100A76600 /* main.cpp */ = {isa = PBXFileReference; lastKnownFileType = sourcecode.cpp.cpp; path = main.cpp; sourceTree = "<group>"; };
/* End PBXFileReference section */

/* Begin PBXFrameworksBuildPhase section */
		F02549791BEF5D2100A76600 /* Frameworks */ = {
			isa = PBXFrameworksBuildPhase;
			buildActionMask = 2147483647;
			files = (
				59D609F11BEF5DA300D5A5B8 /* Cocoa.framework in Frameworks */,
				59D609EF1BEF5D9D00D5A5B8 /* GLUT.framework in Frameworks */,
				59D609ED1BEF5D9600D5A5B8 /* OpenGL.framework in Frameworks */,
			);
			runOnlyForDeploymentPostprocessing = 0;
		};
/* End PBXFrameworksBuildPhase section */

/* Begin PBXGroup section */
		F02549731BEF5D2100A76600 = {
			isa = PBXGroup;
			children = (
				59D609F01BEF5DA300D5A5B8 /* Cocoa.framework */,
				59D609EE1BEF5D9D00D5A5B8 /* GLUT.framework */,
				59D609EC1BEF5D9600D5A5B8 /* OpenGL.framework */,
				F025497E1BEF5D2100A76600 /* CG_ex1 */,
				F025497D1BEF5D2100A76600 /* Products */,
			);
			sourceTree = "<group>";
		};
		F025497D1BEF5D2100A76600 /* Products */ = {
			isa = PBXGroup;
			children = (
				F025497C1BEF5D2100A76600 /* CG_ex1 */,
			);
			name = Products;
			sourceTree = "<group>";
		};
		F025497E1BEF5D2100A76600 /* CG_ex1 */ = {
			isa = PBXGroup;
			children = (
				F025497F1BEF5D2100A76600 /* main.cpp */,
			);
			path = CG_ex1;
			sourceTree = "<group>";
		};
/* End PBXGroup section */

/* Begin PBXNativeTarget section */
		F025497B1BEF5D2100A76600 /* CG_ex1 */ = {
			isa = PBXNativeTarget;
			buildConfigurationList = F02549831BEF5D2100A76600 /* Build configuration list for PBXNativeTarget "CG_ex1" */;
			buildPhases = (
				F02549781BEF5D2100A76600 /* Sources */,
				F02549791BEF5D2100A76600 /* Frameworks */,
				F025497A1BEF5D2100A76600 /* CopyFiles */,
			);
			buildRules = (
			);
			dependencies = (
			);
			name = CG_ex1;
			productName = CG_ex1;
			productReference = F025497C1BEF5D2100A76600 /* CG_ex1 */;
			productType = "com.apple.product-type.tool";
		};
/* End PBXNativeTarget section */

/* Begin PBXProject section */
		F02549741BEF5D2100A76600 /* Project object */ = {
			isa = PBXProject;
			attributes = {
				LastUpgradeCheck = 0710;
				ORGANIZATIONNAME = "asafch\\bbc";
				TargetAttributes = {
					F025497B1BEF5D2100A76600 = {
						CreatedOnToolsVersion = 7.1;
					};
				};
			};
			buildConfigurationList = F02549771BEF5D2100A76600 /* Build configuration list for PBXProject "CG_ex1" */;
			compatibilityVersion = "Xcode 3.2";
			developmentRegion = English;
			hasScannedForEncodings = 0;
			knownRegions = (
				en,
			);
			mainGroup = F02549731BEF5D2100A76600;
			productRefGroup = F025497D1BEF5D2100A76600 /* Products */;
			projectDirPath = "";
			projectRoot = "";
			targets = (
				F025497B1BEF5D2100A76600 /* CG_ex1 */,
			);
		};
/* End PBXProject section */

/* Begin PBXSourcesBuildPhase section */
		F02549781BEF5D2100A76600 /* Sources */ = {
			isa = PBXSourcesBuildPhase;
			buildActionMask = 2147483647;
			files = (
				F02549801BEF5D2100A76600 /* main.cpp in Sources */,
			);
			runOnlyForDeploymentPostprocessing = 0;
		};
/* End PBXSourcesBuildPhase section */

/* Begin XCBuildConfiguration section */
		F02549811BEF5D2100A76600 /* Debug */ = {
			isa = XCBuildConfiguration;
			buildSettings = {
				ALWAYS_SEARCH_USER_PATHS = NO;
				CLANG_CXX_LANGUAGE_STANDARD = "gnu++0x";
				CLANG_CXX_LIBRARY = "libc++";
				CLANG_ENABLE_MODULES = YES;
				CLANG_ENABLE_OBJC_ARC = YES;
				CLANG_WARN_BOOL_CONVERSION = YES;
				CLANG_WARN_CONSTANT_CONVERSION = YES;
				CLANG_WARN_DIRECT_OBJC_ISA_USAGE = YES_ERROR;
				CLANG_WARN_EMPTY_BODY = YES;
				CLANG_WARN_ENUM_CONVERSION = YES;
				CLANG_WARN_INT_CONVERSION = YES;
				CLANG_WARN_OBJC_ROOT_CLASS = YES_ERROR;
				CLANG_WARN_UNREACHABLE_CODE = YES;
				CLANG_WARN__DUPLICATE_METHOD_MATCH = YES;
				CODE_SIGN_IDENTITY = "-";
				COPY_PHASE_STRIP = NO;
				DEBUG_INFORMATION_FORMAT = dwarf;
				ENABLE_STRICT_OBJC_MSGSEND = YES;
				ENABLE_TESTABILITY = YES;
				GCC_C_LANGUAGE_STANDARD = gnu99;
				GCC_DYNAMIC_NO_PIC = NO;
				GCC_NO_COMMON_BLOCKS = YES;
				GCC_OPTIMIZATION_LEVEL = 0;
				GCC_PREPROCESSOR_DEFINITIONS = (
					"DEBUG=1",
					"$(inherited)",
				);
				GCC_WARN_64_TO_32_BIT_CONVERSION = YES;
				GCC_WARN_ABOUT_RETURN_TYPE = YES_ERROR;
				GCC_WARN_UNDECLARED_SELECTOR = YES;
				GCC_WARN_UNINITIALIZED_AUTOS = YES_AGGRESSIVE;
				GCC_WARN_UNUSED_FUNCTION = YES;
				GCC_WARN_UNUSED_VARIABLE = YES;
				MACOSX_DEPLOYMENT_TARGET = 10.10;
				MTL_ENABLE_DEBUG_INFO = YES;
				ONLY_ACTIVE_ARCH = YES;
				SDKROOT = macosx;
			};
			name = Debug;
		};
		F02549821BEF5D2100A76600 /* Release */ = {
			isa = XCBuildConfiguration;
			buildSettings = {
				ALWAYS_SEARCH_USER_PATHS = NO;
				CLANG_CXX_LANGUAGE_STANDARD = "gnu++0x";
				CLANG_CXX_LIBRARY = "libc++";
				CLANG_ENABLE_MODULES = YES;
				CLANG_ENABLE_OBJC_ARC = YES;
				CLANG_WARN_BOOL_CONVERSION = YES;
				CLANG_WARN_CONSTANT_CONVERSION = YES;
				CLANG_WARN_DIRECT_OBJC_ISA_USAGE = YES_ERROR;
				CLANG_WARN_EMPTY_BODY = YES;
				CLANG_WARN_ENUM_CONVERSION = YES;
				CLANG_WARN_INT_CONVERSION = YES;
				CLANG_WARN_OBJC_ROOT_CLASS = YES_ERROR;
				CLANG_WARN_UNREACHABLE_CODE = YES;
				CLANG_WARN__DUPLICATE_METHOD_MATCH = YES;
				CODE_SIGN_IDENTITY = "-";
				COPY_PHASE_STRIP = NO;
				DEBUG_INFORMATION_FORMAT = "dwarf-with-dsym";
				ENABLE_NS_ASSERTIONS = NO;
				ENABLE_STRICT_OBJC_MSGSEND = YES;
				GCC_C_LANGUAGE_STANDARD = gnu99;
				GCC_NO_COMMON_BLOCKS = YES;
				GCC_WARN_64_TO_32_BIT_CONVERSION = YES;
				GCC_WARN_ABOUT_RETURN_TYPE = YES_ERROR;
				GCC_WARN_UNDECLARED_SELECTOR = YES;
				GCC_WARN_UNINITIALIZED_AUTOS = YES_AGGRESSIVE;
				GCC_WARN_UNUSED_FUNCTION = YES;
				GCC_WARN_UNUSED_VARIABLE = YES;
				MACOSX_DEPLOYMENT_TARGET = 10.10;
				MTL_ENABLE_DEBUG_INFO = NO;
				SDKROOT = macosx;
			};
			name = Release;
		};
		F02549841BEF5D2100A76600 /* Debug */ = {
			isa = XCBuildConfiguration;
			buildSettings = {
				HEADER_SEARCH_PATHS = /usr/local/include;
				PRODUCT_NAME = "$(TARGET_NAME)";
			};
			name = Debug;
		};
		F02549851BEF5D2100A76600 /* Release */ = {
			isa = XCBuildConfiguration;
			buildSettings = {
				HEADER_SEARCH_PATHS = /usr/local/include;
				PRODUCT_NAME = "$(TARGET_NAME)";
			};
			name = Release;
		};
/* End XCBuildConfiguration section */

/* Begin XCConfigurationList section */
		F02549771BEF5D2100A76600 /* Build configuration list for PBXProject "CG_ex1" */ = {
			isa = XCConfigurationList;
			buildConfigurations = (
				F02549811BEF5D2100A76600 /* Debug */,
				F02549821BEF5D2100A76600 /* Release */,
			);
			defaultConfigurationIsVisible = 0;
			defaultConfigurationName = Release;
		};
		F02549831BEF5D2100A76600 /* Build configuration list for PBXNativeTarget "CG_ex1" */ = {
			isa = XCConfigurationList;
			buildConfigurations = (
				F02549841BEF5D2100A76600 /* Debug */,
				F02549851BEF5D2100A76600 /* Release */,
			);
			defaultConfigurationIsVisible = 0;
			defaultConfigurationName = Release;
		};
/* End XCConfigurationList section */
	};
	rootObject = F02549741BEF5D2100A76600 /* Project object */;
}
